// !$*UTF8*$!
{
	archiveVersion = 1;
	classes = {
	};
	objectVersion = 48;
	objects = {

/* Begin PBXBuildFile section */
		189B3E161FF2048900D2E695 /* LocalNotificationHandler.swift in Sources */ = {isa = PBXBuildFile; fileRef = 189B3E151FF2048900D2E695 /* LocalNotificationHandler.swift */; };
		18C357FE1FE8DD9E00C80A89 /* AppDelegate.swift in Sources */ = {isa = PBXBuildFile; fileRef = 18C357FD1FE8DD9E00C80A89 /* AppDelegate.swift */; };
		18C358031FE8DD9E00C80A89 /* Main.storyboard in Resources */ = {isa = PBXBuildFile; fileRef = 18C358011FE8DD9E00C80A89 /* Main.storyboard */; };
		18C358051FE8DD9E00C80A89 /* Assets.xcassets in Resources */ = {isa = PBXBuildFile; fileRef = 18C358041FE8DD9E00C80A89 /* Assets.xcassets */; };
		18C358081FE8DD9E00C80A89 /* LaunchScreen.storyboard in Resources */ = {isa = PBXBuildFile; fileRef = 18C358061FE8DD9E00C80A89 /* LaunchScreen.storyboard */; };
		18C358101FE8E50500C80A89 /* DetailViewController.swift in Sources */ = {isa = PBXBuildFile; fileRef = 18C3580F1FE8E50500C80A89 /* DetailViewController.swift */; };
		18C358121FE8E78E00C80A89 /* EditViewController.swift in Sources */ = {isa = PBXBuildFile; fileRef = 18C358111FE8E78E00C80A89 /* EditViewController.swift */; };
		18C358141FE8E80B00C80A89 /* HomeTableViewController.swift in Sources */ = {isa = PBXBuildFile; fileRef = 18C358131FE8E80B00C80A89 /* HomeTableViewController.swift */; };
		18C9DDA62011A08900AC6525 /* HttpRequest.swift in Sources */ = {isa = PBXBuildFile; fileRef = 18C9DDA52011A08900AC6525 /* HttpRequest.swift */; };
		18ECEC4D1FEA437000DE1805 /* ABHuasModel.xcdatamodeld in Sources */ = {isa = PBXBuildFile; fileRef = 18ECEC4B1FEA437000DE1805 /* ABHuasModel.xcdatamodeld */; };
		18ECEC4F1FEA453300DE1805 /* DataHandler.swift in Sources */ = {isa = PBXBuildFile; fileRef = 18ECEC4E1FEA453300DE1805 /* DataHandler.swift */; };
		18ECEC541FEB9F4200DE1805 /* CustomProgressView.swift in Sources */ = {isa = PBXBuildFile; fileRef = 18ECEC531FEB9F4200DE1805 /* CustomProgressView.swift */; };
		6C1E11405511BE02843B2EDB /* Pods_ABHuas.framework in Frameworks */ = {isa = PBXBuildFile; fileRef = 39FAF6E611BED65DB7F0437C /* Pods_ABHuas.framework */; };
/* End PBXBuildFile section */

/* Begin PBXFileReference section */
		189B3E151FF2048900D2E695 /* LocalNotificationHandler.swift */ = {isa = PBXFileReference; lastKnownFileType = sourcecode.swift; path = LocalNotificationHandler.swift; sourceTree = "<group>"; };
		18C357FA1FE8DD9E00C80A89 /* 艾斯浩宾DEV.app */ = {isa = PBXFileReference; explicitFileType = wrapper.application; includeInIndex = 0; path = "艾斯浩宾DEV.app"; sourceTree = BUILT_PRODUCTS_DIR; };
		18C357FD1FE8DD9E00C80A89 /* AppDelegate.swift */ = {isa = PBXFileReference; lastKnownFileType = sourcecode.swift; path = AppDelegate.swift; sourceTree = "<group>"; };
		18C358021FE8DD9E00C80A89 /* Base */ = {isa = PBXFileReference; lastKnownFileType = file.storyboard; name = Base; path = Base.lproj/Main.storyboard; sourceTree = "<group>"; };
		18C358041FE8DD9E00C80A89 /* Assets.xcassets */ = {isa = PBXFileReference; lastKnownFileType = folder.assetcatalog; path = Assets.xcassets; sourceTree = "<group>"; };
		18C358071FE8DD9E00C80A89 /* Base */ = {isa = PBXFileReference; lastKnownFileType = file.storyboard; name = Base; path = Base.lproj/LaunchScreen.storyboard; sourceTree = "<group>"; };
		18C358091FE8DD9E00C80A89 /* Info.plist */ = {isa = PBXFileReference; lastKnownFileType = text.plist.xml; path = Info.plist; sourceTree = "<group>"; };
		18C3580F1FE8E50500C80A89 /* DetailViewController.swift */ = {isa = PBXFileReference; lastKnownFileType = sourcecode.swift; path = DetailViewController.swift; sourceTree = "<group>"; };
		18C358111FE8E78E00C80A89 /* EditViewController.swift */ = {isa = PBXFileReference; lastKnownFileType = sourcecode.swift; path = EditViewController.swift; sourceTree = "<group>"; };
		18C358131FE8E80B00C80A89 /* HomeTableViewController.swift */ = {isa = PBXFileReference; lastKnownFileType = sourcecode.swift; path = HomeTableViewController.swift; sourceTree = "<group>"; };
		18C9DDA52011A08900AC6525 /* HttpRequest.swift */ = {isa = PBXFileReference; lastKnownFileType = sourcecode.swift; path = HttpRequest.swift; sourceTree = "<group>"; };
		18ECEC4C1FEA437000DE1805 /* ABHuasModel.xcdatamodel */ = {isa = PBXFileReference; lastKnownFileType = wrapper.xcdatamodel; path = ABHuasModel.xcdatamodel; sourceTree = "<group>"; };
		18ECEC4E1FEA453300DE1805 /* DataHandler.swift */ = {isa = PBXFileReference; lastKnownFileType = sourcecode.swift; path = DataHandler.swift; sourceTree = "<group>"; };
		18ECEC531FEB9F4200DE1805 /* CustomProgressView.swift */ = {isa = PBXFileReference; lastKnownFileType = sourcecode.swift; path = CustomProgressView.swift; sourceTree = "<group>"; };
		2E795AA65899A1C27DDCA4F2 /* Pods-ABHuas.release.xcconfig */ = {isa = PBXFileReference; includeInIndex = 1; lastKnownFileType = text.xcconfig; name = "Pods-ABHuas.release.xcconfig"; path = "Pods/Target Support Files/Pods-ABHuas/Pods-ABHuas.release.xcconfig"; sourceTree = "<group>"; };
		39FAF6E611BED65DB7F0437C /* Pods_ABHuas.framework */ = {isa = PBXFileReference; explicitFileType = wrapper.framework; includeInIndex = 0; path = Pods_ABHuas.framework; sourceTree = BUILT_PRODUCTS_DIR; };
		C9C5C9598D65F20CDB1175A2 /* Pods-ABHuas.debug.xcconfig */ = {isa = PBXFileReference; includeInIndex = 1; lastKnownFileType = text.xcconfig; name = "Pods-ABHuas.debug.xcconfig"; path = "Pods/Target Support Files/Pods-ABHuas/Pods-ABHuas.debug.xcconfig"; sourceTree = "<group>"; };
/* End PBXFileReference section */

/* Begin PBXFrameworksBuildPhase section */
		18C357F71FE8DD9E00C80A89 /* Frameworks */ = {
			isa = PBXFrameworksBuildPhase;
			buildActionMask = 2147483647;
			files = (
				6C1E11405511BE02843B2EDB /* Pods_ABHuas.framework in Frameworks */,
			);
			runOnlyForDeploymentPostprocessing = 0;
		};
/* End PBXFrameworksBuildPhase section */

/* Begin PBXGroup section */
		18C357F11FE8DD9E00C80A89 = {
			isa = PBXGroup;
			children = (
				18C357FC1FE8DD9E00C80A89 /* ABHuas */,
				18C357FB1FE8DD9E00C80A89 /* Products */,
				F755E19F348C07EB5DB3FE97 /* Pods */,
				E0CF762187FA7900FB4D953C /* Frameworks */,
			);
			sourceTree = "<group>";
		};
		18C357FB1FE8DD9E00C80A89 /* Products */ = {
			isa = PBXGroup;
			children = (
				18C357FA1FE8DD9E00C80A89 /* 艾斯浩宾DEV.app */,
			);
			name = Products;
			sourceTree = "<group>";
		};
		18C357FC1FE8DD9E00C80A89 /* ABHuas */ = {
			isa = PBXGroup;
			children = (
				18C9DDA42011A01B00AC6525 /* HTTP */,
				18ECEC521FEB9F2200DE1805 /* View */,
				18ECEC471FEA429500DE1805 /* DataHandle */,
				18C357FD1FE8DD9E00C80A89 /* AppDelegate.swift */,
				18C358131FE8E80B00C80A89 /* HomeTableViewController.swift */,
				18C3580F1FE8E50500C80A89 /* DetailViewController.swift */,
				18C358111FE8E78E00C80A89 /* EditViewController.swift */,
				18C358011FE8DD9E00C80A89 /* Main.storyboard */,
				18C358041FE8DD9E00C80A89 /* Assets.xcassets */,
				18C358061FE8DD9E00C80A89 /* LaunchScreen.storyboard */,
				18C358091FE8DD9E00C80A89 /* Info.plist */,
			);
			path = ABHuas;
			sourceTree = "<group>";
		};
		18C9DDA42011A01B00AC6525 /* HTTP */ = {
			isa = PBXGroup;
			children = (
				18C9DDA52011A08900AC6525 /* HttpRequest.swift */,
			);
			path = HTTP;
			sourceTree = "<group>";
		};
		18ECEC471FEA429500DE1805 /* DataHandle */ = {
			isa = PBXGroup;
			children = (
				18ECEC4B1FEA437000DE1805 /* ABHuasModel.xcdatamodeld */,
				18ECEC4E1FEA453300DE1805 /* DataHandler.swift */,
				189B3E151FF2048900D2E695 /* LocalNotificationHandler.swift */,
			);
			path = DataHandle;
			sourceTree = "<group>";
		};
		18ECEC521FEB9F2200DE1805 /* View */ = {
			isa = PBXGroup;
			children = (
				18ECEC531FEB9F4200DE1805 /* CustomProgressView.swift */,
			);
			path = View;
			sourceTree = "<group>";
		};
		E0CF762187FA7900FB4D953C /* Frameworks */ = {
			isa = PBXGroup;
			children = (
				39FAF6E611BED65DB7F0437C /* Pods_ABHuas.framework */,
			);
			name = Frameworks;
			sourceTree = "<group>";
		};
		F755E19F348C07EB5DB3FE97 /* Pods */ = {
			isa = PBXGroup;
			children = (
				C9C5C9598D65F20CDB1175A2 /* Pods-ABHuas.debug.xcconfig */,
				2E795AA65899A1C27DDCA4F2 /* Pods-ABHuas.release.xcconfig */,
			);
			name = Pods;
			sourceTree = "<group>";
		};
/* End PBXGroup section */

/* Begin PBXNativeTarget section */
		18C357F91FE8DD9E00C80A89 /* ABHuas */ = {
			isa = PBXNativeTarget;
			buildConfigurationList = 18C3580C1FE8DD9E00C80A89 /* Build configuration list for PBXNativeTarget "ABHuas" */;
			buildPhases = (
				43A09C89266B09F971302354 /* [CP] Check Pods Manifest.lock */,
				18C357F61FE8DD9E00C80A89 /* Sources */,
				18C357F71FE8DD9E00C80A89 /* Frameworks */,
				18C357F81FE8DD9E00C80A89 /* Resources */,
				5364407A2398DC44FC831EE3 /* [CP] Embed Pods Frameworks */,
				23EDFE2F70782866D82D40B4 /* [CP] Copy Pods Resources */,
			);
			buildRules = (
			);
			dependencies = (
			);
			name = ABHuas;
			productName = ABHuas;
			productReference = 18C357FA1FE8DD9E00C80A89 /* 艾斯浩宾DEV.app */;
			productType = "com.apple.product-type.application";
		};
/* End PBXNativeTarget section */

/* Begin PBXProject section */
		18C357F21FE8DD9E00C80A89 /* Project object */ = {
			isa = PBXProject;
			attributes = {
				LastSwiftUpdateCheck = 0900;
				LastUpgradeCheck = 0900;
				ORGANIZATIONNAME = Apple;
				TargetAttributes = {
					18C357F91FE8DD9E00C80A89 = {
						CreatedOnToolsVersion = 9.0.1;
						ProvisioningStyle = Automatic;
					};
				};
			};
			buildConfigurationList = 18C357F51FE8DD9E00C80A89 /* Build configuration list for PBXProject "ABHuas" */;
			compatibilityVersion = "Xcode 8.0";
			developmentRegion = en;
			hasScannedForEncodings = 0;
			knownRegions = (
				en,
				Base,
			);
			mainGroup = 18C357F11FE8DD9E00C80A89;
			productRefGroup = 18C357FB1FE8DD9E00C80A89 /* Products */;
			projectDirPath = "";
			projectRoot = "";
			targets = (
				18C357F91FE8DD9E00C80A89 /* ABHuas */,
			);
		};
/* End PBXProject section */

/* Begin PBXResourcesBuildPhase section */
		18C357F81FE8DD9E00C80A89 /* Resources */ = {
			isa = PBXResourcesBuildPhase;
			buildActionMask = 2147483647;
			files = (
				18C358081FE8DD9E00C80A89 /* LaunchScreen.storyboard in Resources */,
				18C358051FE8DD9E00C80A89 /* Assets.xcassets in Resources */,
				18C358031FE8DD9E00C80A89 /* Main.storyboard in Resources */,
			);
			runOnlyForDeploymentPostprocessing = 0;
		};
/* End PBXResourcesBuildPhase section */

/* Begin PBXShellScriptBuildPhase section */
		23EDFE2F70782866D82D40B4 /* [CP] Copy Pods Resources */ = {
			isa = PBXShellScriptBuildPhase;
			buildActionMask = 2147483647;
			files = (
			);
			inputPaths = (
			);
			name = "[CP] Copy Pods Resources";
			outputPaths = (
			);
			runOnlyForDeploymentPostprocessing = 0;
			shellPath = /bin/sh;
			shellScript = "\"${SRCROOT}/Pods/Target Support Files/Pods-ABHuas/Pods-ABHuas-resources.sh\"\n";
			showEnvVarsInLog = 0;
		};
		43A09C89266B09F971302354 /* [CP] Check Pods Manifest.lock */ = {
			isa = PBXShellScriptBuildPhase;
			buildActionMask = 2147483647;
			files = (
			);
			inputPaths = (
				"${PODS_PODFILE_DIR_PATH}/Podfile.lock",
				"${PODS_ROOT}/Manifest.lock",
			);
			name = "[CP] Check Pods Manifest.lock";
			outputPaths = (
				"$(DERIVED_FILE_DIR)/Pods-ABHuas-checkManifestLockResult.txt",
			);
			runOnlyForDeploymentPostprocessing = 0;
			shellPath = /bin/sh;
			shellScript = "diff \"${PODS_PODFILE_DIR_PATH}/Podfile.lock\" \"${PODS_ROOT}/Manifest.lock\" > /dev/null\nif [ $? != 0 ] ; then\n    # print error to STDERR\n    echo \"error: The sandbox is not in sync with the Podfile.lock. Run 'pod install' or update your CocoaPods installation.\" >&2\n    exit 1\nfi\n# This output is used by Xcode 'outputs' to avoid re-running this script phase.\necho \"SUCCESS\" > \"${SCRIPT_OUTPUT_FILE_0}\"\n";
			showEnvVarsInLog = 0;
		};
		5364407A2398DC44FC831EE3 /* [CP] Embed Pods Frameworks */ = {
			isa = PBXShellScriptBuildPhase;
			buildActionMask = 2147483647;
			files = (
			);
			inputPaths = (
				"${SRCROOT}/Pods/Target Support Files/Pods-ABHuas/Pods-ABHuas-frameworks.sh",
				"${BUILT_PRODUCTS_DIR}/MJRefresh/MJRefresh.framework",
				"${BUILT_PRODUCTS_DIR}/PKHUD/PKHUD.framework",
			);
			name = "[CP] Embed Pods Frameworks";
			outputPaths = (
				"${TARGET_BUILD_DIR}/${FRAMEWORKS_FOLDER_PATH}/MJRefresh.framework",
				"${TARGET_BUILD_DIR}/${FRAMEWORKS_FOLDER_PATH}/PKHUD.framework",
			);
			runOnlyForDeploymentPostprocessing = 0;
			shellPath = /bin/sh;
			shellScript = "\"${SRCROOT}/Pods/Target Support Files/Pods-ABHuas/Pods-ABHuas-frameworks.sh\"\n";
			showEnvVarsInLog = 0;
		};
/* End PBXShellScriptBuildPhase section */

/* Begin PBXSourcesBuildPhase section */
		18C357F61FE8DD9E00C80A89 /* Sources */ = {
			isa = PBXSourcesBuildPhase;
			buildActionMask = 2147483647;
			files = (
				18C358141FE8E80B00C80A89 /* HomeTableViewController.swift in Sources */,
				189B3E161FF2048900D2E695 /* LocalNotificationHandler.swift in Sources */,
				18ECEC4D1FEA437000DE1805 /* ABHuasModel.xcdatamodeld in Sources */,
				18C358121FE8E78E00C80A89 /* EditViewController.swift in Sources */,
				18C358101FE8E50500C80A89 /* DetailViewController.swift in Sources */,
				18C9DDA62011A08900AC6525 /* HttpRequest.swift in Sources */,
				18ECEC541FEB9F4200DE1805 /* CustomProgressView.swift in Sources */,
				18ECEC4F1FEA453300DE1805 /* DataHandler.swift in Sources */,
				18C357FE1FE8DD9E00C80A89 /* AppDelegate.swift in Sources */,
			);
			runOnlyForDeploymentPostprocessing = 0;
		};
/* End PBXSourcesBuildPhase section */

/* Begin PBXVariantGroup section */
		18C358011FE8DD9E00C80A89 /* Main.storyboard */ = {
			isa = PBXVariantGroup;
			children = (
				18C358021FE8DD9E00C80A89 /* Base */,
			);
			name = Main.storyboard;
			sourceTree = "<group>";
		};
		18C358061FE8DD9E00C80A89 /* LaunchScreen.storyboard */ = {
			isa = PBXVariantGroup;
			children = (
				18C358071FE8DD9E00C80A89 /* Base */,
			);
			name = LaunchScreen.storyboard;
			sourceTree = "<group>";
		};
/* End PBXVariantGroup section */

/* Begin XCBuildConfiguration section */
		18C3580A1FE8DD9E00C80A89 /* Debug */ = {
			isa = XCBuildConfiguration;
			buildSettings = {
				ALWAYS_SEARCH_USER_PATHS = NO;
				CLANG_ANALYZER_NONNULL = YES;
				CLANG_ANALYZER_NUMBER_OBJECT_CONVERSION = YES_AGGRESSIVE;
				CLANG_CXX_LANGUAGE_STANDARD = "gnu++14";
				CLANG_CXX_LIBRARY = "libc++";
				CLANG_ENABLE_MODULES = YES;
				CLANG_ENABLE_OBJC_ARC = YES;
				CLANG_WARN_BLOCK_CAPTURE_AUTORELEASING = YES;
				CLANG_WARN_BOOL_CONVERSION = YES;
				CLANG_WARN_COMMA = YES;
				CLANG_WARN_CONSTANT_CONVERSION = YES;
				CLANG_WARN_DIRECT_OBJC_ISA_USAGE = YES_ERROR;
				CLANG_WARN_DOCUMENTATION_COMMENTS = YES;
				CLANG_WARN_EMPTY_BODY = YES;
				CLANG_WARN_ENUM_CONVERSION = YES;
				CLANG_WARN_INFINITE_RECURSION = YES;
				CLANG_WARN_INT_CONVERSION = YES;
				CLANG_WARN_NON_LITERAL_NULL_CONVERSION = YES;
				CLANG_WARN_OBJC_LITERAL_CONVERSION = YES;
				CLANG_WARN_OBJC_ROOT_CLASS = YES_ERROR;
				CLANG_WARN_RANGE_LOOP_ANALYSIS = YES;
				CLANG_WARN_STRICT_PROTOTYPES = YES;
				CLANG_WARN_SUSPICIOUS_MOVE = YES;
				CLANG_WARN_UNGUARDED_AVAILABILITY = YES_AGGRESSIVE;
				CLANG_WARN_UNREACHABLE_CODE = YES;
				CLANG_WARN__DUPLICATE_METHOD_MATCH = YES;
				CODE_SIGN_IDENTITY = "iPhone Developer";
				COPY_PHASE_STRIP = NO;
				DEBUG_INFORMATION_FORMAT = dwarf;
				ENABLE_STRICT_OBJC_MSGSEND = YES;
				ENABLE_TESTABILITY = YES;
				GCC_C_LANGUAGE_STANDARD = gnu11;
				GCC_DYNAMIC_NO_PIC = NO;
				GCC_NO_COMMON_BLOCKS = YES;
				GCC_OPTIMIZATION_LEVEL = 0;
				GCC_PREPROCESSOR_DEFINITIONS = (
					"DEBUG=1",
					"$(inherited)",
				);
				GCC_WARN_64_TO_32_BIT_CONVERSION = YES;
				GCC_WARN_ABOUT_RETURN_TYPE = YES_ERROR;
				GCC_WARN_UNDECLARED_SELECTOR = YES;
				GCC_WARN_UNINITIALIZED_AUTOS = YES_AGGRESSIVE;
				GCC_WARN_UNUSED_FUNCTION = YES;
				GCC_WARN_UNUSED_VARIABLE = YES;
				IPHONEOS_DEPLOYMENT_TARGET = 11.0;
				MTL_ENABLE_DEBUG_INFO = YES;
				ONLY_ACTIVE_ARCH = YES;
				SDKROOT = iphoneos;
				SWIFT_ACTIVE_COMPILATION_CONDITIONS = DEBUG;
				SWIFT_OPTIMIZATION_LEVEL = "-Onone";
			};
			name = Debug;
		};
		18C3580B1FE8DD9E00C80A89 /* Release */ = {
			isa = XCBuildConfiguration;
			buildSettings = {
				ALWAYS_SEARCH_USER_PATHS = NO;
				CLANG_ANALYZER_NONNULL = YES;
				CLANG_ANALYZER_NUMBER_OBJECT_CONVERSION = YES_AGGRESSIVE;
				CLANG_CXX_LANGUAGE_STANDARD = "gnu++14";
				CLANG_CXX_LIBRARY = "libc++";
				CLANG_ENABLE_MODULES = YES;
				CLANG_ENABLE_OBJC_ARC = YES;
				CLANG_WARN_BLOCK_CAPTURE_AUTORELEASING = YES;
				CLANG_WARN_BOOL_CONVERSION = YES;
				CLANG_WARN_COMMA = YES;
				CLANG_WARN_CONSTANT_CONVERSION = YES;
				CLANG_WARN_DIRECT_OBJC_ISA_USAGE = YES_ERROR;
				CLANG_WARN_DOCUMENTATION_COMMENTS = YES;
				CLANG_WARN_EMPTY_BODY = YES;
				CLANG_WARN_ENUM_CONVERSION = YES;
				CLANG_WARN_INFINITE_RECURSION = YES;
				CLANG_WARN_INT_CONVERSION = YES;
				CLANG_WARN_NON_LITERAL_NULL_CONVERSION = YES;
				CLANG_WARN_OBJC_LITERAL_CONVERSION = YES;
				CLANG_WARN_OBJC_ROOT_CLASS = YES_ERROR;
				CLANG_WARN_RANGE_LOOP_ANALYSIS = YES;
				CLANG_WARN_STRICT_PROTOTYPES = YES;
				CLANG_WARN_SUSPICIOUS_MOVE = YES;
				CLANG_WARN_UNGUARDED_AVAILABILITY = YES_AGGRESSIVE;
				CLANG_WARN_UNREACHABLE_CODE = YES;
				CLANG_WARN__DUPLICATE_METHOD_MATCH = YES;
				CODE_SIGN_IDENTITY = "iPhone Developer";
				COPY_PHASE_STRIP = NO;
				DEBUG_INFORMATION_FORMAT = "dwarf-with-dsym";
				ENABLE_NS_ASSERTIONS = NO;
				ENABLE_STRICT_OBJC_MSGSEND = YES;
				GCC_C_LANGUAGE_STANDARD = gnu11;
				GCC_NO_COMMON_BLOCKS = YES;
				GCC_WARN_64_TO_32_BIT_CONVERSION = YES;
				GCC_WARN_ABOUT_RETURN_TYPE = YES_ERROR;
				GCC_WARN_UNDECLARED_SELECTOR = YES;
				GCC_WARN_UNINITIALIZED_AUTOS = YES_AGGRESSIVE;
				GCC_WARN_UNUSED_FUNCTION = YES;
				GCC_WARN_UNUSED_VARIABLE = YES;
				IPHONEOS_DEPLOYMENT_TARGET = 11.0;
				MTL_ENABLE_DEBUG_INFO = NO;
				SDKROOT = iphoneos;
				SWIFT_OPTIMIZATION_LEVEL = "-Owholemodule";
				VALIDATE_PRODUCT = YES;
			};
			name = Release;
		};
		18C3580D1FE8DD9E00C80A89 /* Debug */ = {
			isa = XCBuildConfiguration;
			baseConfigurationReference = C9C5C9598D65F20CDB1175A2 /* Pods-ABHuas.debug.xcconfig */;
			buildSettings = {
				ASSETCATALOG_COMPILER_APPICON_NAME = AppIcon;
				CODE_SIGN_STYLE = Automatic;
				DEVELOPMENT_TEAM = 44DGFFE72H;
				INFOPLIST_FILE = ABHuas/Info.plist;
				IPHONEOS_DEPLOYMENT_TARGET = 9.0;
				LD_RUNPATH_SEARCH_PATHS = "$(inherited) @executable_path/Frameworks";
				PRODUCT_BUNDLE_IDENTIFIER = com.qsyy.ABHuasDev;
				PRODUCT_NAME = "艾斯浩宾DEV";
				SWIFT_VERSION = 4.0;
				TARGETED_DEVICE_FAMILY = "1,2";
			};
			name = Debug;
		};
		18C3580E1FE8DD9E00C80A89 /* Release */ = {
			isa = XCBuildConfiguration;
			baseConfigurationReference = 2E795AA65899A1C27DDCA4F2 /* Pods-ABHuas.release.xcconfig */;
			buildSettings = {
				ASSETCATALOG_COMPILER_APPICON_NAME = AppIcon;
				CODE_SIGN_STYLE = Automatic;
				DEVELOPMENT_TEAM = 44DGFFE72H;
				INFOPLIST_FILE = ABHuas/Info.plist;
				IPHONEOS_DEPLOYMENT_TARGET = 9.0;
				LD_RUNPATH_SEARCH_PATHS = "$(inherited) @executable_path/Frameworks";
				PRODUCT_BUNDLE_IDENTIFIER = com.qsyy.ABHuasDev;
				PRODUCT_NAME = "艾斯浩宾DEV";
				SWIFT_VERSION = 4.0;
				TARGETED_DEVICE_FAMILY = "1,2";
			};
			name = Release;
		};
/* End XCBuildConfiguration section */

/* Begin XCConfigurationList section */
		18C357F51FE8DD9E00C80A89 /* Build configuration list for PBXProject "ABHuas" */ = {
			isa = XCConfigurationList;
			buildConfigurations = (
				18C3580A1FE8DD9E00C80A89 /* Debug */,
				18C3580B1FE8DD9E00C80A89 /* Release */,
			);
			defaultConfigurationIsVisible = 0;
			defaultConfigurationName = Release;
		};
		18C3580C1FE8DD9E00C80A89 /* Build configuration list for PBXNativeTarget "ABHuas" */ = {
			isa = XCConfigurationList;
			buildConfigurations = (
				18C3580D1FE8DD9E00C80A89 /* Debug */,
				18C3580E1FE8DD9E00C80A89 /* Release */,
			);
			defaultConfigurationIsVisible = 0;
			defaultConfigurationName = Release;
		};
/* End XCConfigurationList section */

/* Begin XCVersionGroup section */
		18ECEC4B1FEA437000DE1805 /* ABHuasModel.xcdatamodeld */ = {
			isa = XCVersionGroup;
			children = (
				18ECEC4C1FEA437000DE1805 /* ABHuasModel.xcdatamodel */,
			);
			currentVersion = 18ECEC4C1FEA437000DE1805 /* ABHuasModel.xcdatamodel */;
			path = ABHuasModel.xcdatamodeld;
			sourceTree = "<group>";
			versionGroupType = wrapper.xcdatamodel;
		};
/* End XCVersionGroup section */
	};
	rootObject = 18C357F21FE8DD9E00C80A89 /* Project object */;
}
